
Microsoft Visual Studio Solution File, Format Version 12.00
# Visual Studio Version 17
VisualStudioVersion = 17.0.31903.59
MinimumVisualStudioVersion = 10.0.40219.1
Project("{FAE04EC0-301F-11D3-BF4B-00C04F79EFBC}") = "RFilesCLI", "cli\RFilesCLI.csproj", "{D24EC361-242C-4F51-8BCE-ECF57BB2C6B5}"
EndProject
Project("{FAE04EC0-301F-11D3-BF4B-00C04F79EFBC}") = "RFiles.NET", "src\RFiles.NET.csproj", "{8557083D-624B-4639-9E5B-1971CC781B73}"
EndProject
Global
	GlobalSection(SolutionConfigurationPlatforms) = preSolution
		Debug|Any CPU = Debug|Any CPU
		Release|Any CPU = Release|Any CPU
	EndGlobalSection
	GlobalSection(SolutionProperties) = preSolution
		HideSolutionNode = FALSE
	EndGlobalSection
	GlobalSection(ProjectConfigurationPlatforms) = postSolution
		{D24EC361-242C-4F51-8BCE-ECF57BB2C6B5}.Debug|Any CPU.ActiveCfg = Debug|Any CPU
		{D24EC361-242C-4F51-8BCE-ECF57BB2C6B5}.Debug|Any CPU.Build.0 = Debug|Any CPU
		{D24EC361-242C-4F51-8BCE-ECF57BB2C6B5}.Release|Any CPU.ActiveCfg = Release|Any CPU
		{D24EC361-242C-4F51-8BCE-ECF57BB2C6B5}.Release|Any CPU.Build.0 = Release|Any CPU
		{8557083D-624B-4639-9E5B-1971CC781B73}.Debug|Any CPU.ActiveCfg = Debug|Any CPU
		{8557083D-624B-4639-9E5B-1971CC781B73}.Debug|Any CPU.Build.0 = Debug|Any CPU
		{8557083D-624B-4639-9E5B-1971CC781B73}.Release|Any CPU.ActiveCfg = Release|Any CPU
		{8557083D-624B-4639-9E5B-1971CC781B73}.Release|Any CPU.Build.0 = Release|Any CPU
	EndGlobalSection
EndGlobal
